<?xml version="1.0" encoding="utf-8"?>
<Project ToolsVersion="4.0" xmlns="http://schemas.microsoft.com/developer/msbuild/2003">
  <ItemGroup>
    <Filter Include="Math">
      <UniqueIdentifier>{531de8da-7621-4a9a-81b4-b4b68221f775}</UniqueIdentifier>
    </Filter>
    <Filter Include="Input">
      <UniqueIdentifier>{796d3a98-b4b0-47e1-a5a5-f84d98b6302a}</UniqueIdentifier>
    </Filter>
    <Filter Include="Core">
      <UniqueIdentifier>{43fa8987-b7b7-443d-9a29-0d6d3db1e394}</UniqueIdentifier>
    </Filter>
    <Filter Include="ThirdParty">
      <UniqueIdentifier>{5c344116-2899-4a9b-b1de-7950b36291d4}</UniqueIdentifier>
    </Filter>
    <Filter Include="Audio">
      <UniqueIdentifier>{eabdeafa-385f-400a-a7e0-b3705f27e7fc}</UniqueIdentifier>
    </Filter>
    <Filter Include="ThirdParty\fmod">
      <UniqueIdentifier>{3d3bc1ec-374a-41fd-b2eb-977f8b64840e}</UniqueIdentifier>
    </Filter>
    <Filter Include="ThirdParty\gl">
      <UniqueIdentifier>{af7908ff-c019-4d06-9915-e55867e293c0}</UniqueIdentifier>
    </Filter>
    <Filter Include="ThirdParty\stb">
      <UniqueIdentifier>{cad74aa4-fea8-4ea5-92ad-3e8212be3f01}</UniqueIdentifier>
    </Filter>
    <Filter Include="ThirdParty\tinyxml2">
      <UniqueIdentifier>{84c0af4f-52ed-49e2-923d-77eee19c72e4}</UniqueIdentifier>
    </Filter>
    <Filter Include="Core\DeveloperConsole">
      <UniqueIdentifier>{92ecfe94-80d7-47b3-a05d-14f8375bff2e}</UniqueIdentifier>
    </Filter>
    <Filter Include="Core\Utilities">
      <UniqueIdentifier>{85098a70-9384-447b-baaa-27845463a8c8}</UniqueIdentifier>
    </Filter>
    <Filter Include="Rendering">
      <UniqueIdentifier>{a5794966-908d-418a-a85a-aa8fea74f975}</UniqueIdentifier>
    </Filter>
    <Filter Include="Rendering\Animation">
      <UniqueIdentifier>{fb4ed7c0-6b35-4a0f-84e1-bc009b5cef79}</UniqueIdentifier>
    </Filter>
    <Filter Include="Rendering\Image Data">
      <UniqueIdentifier>{60f746a7-9ae8-40b7-a8fa-0f292f951ee9}</UniqueIdentifier>
    </Filter>
    <Filter Include="Core\Time">
      <UniqueIdentifier>{594dfe6a-3eed-4c4a-b71e-8d250b3b0e64}</UniqueIdentifier>
    </Filter>
    <Filter Include="Rendering\DebugRendering">
      <UniqueIdentifier>{cadf7509-3dc4-4cc3-8796-cb14677478a8}</UniqueIdentifier>
    </Filter>
    <Filter Include="Rendering\Buffers">
      <UniqueIdentifier>{ebda6ede-0d32-4e42-9fd8-af2e552761d7}</UniqueIdentifier>
    </Filter>
    <Filter Include="Core\Assets">
      <UniqueIdentifier>{acd0c6bf-18c1-467b-85e5-af60570aaedd}</UniqueIdentifier>
    </Filter>
    <Filter Include="ThirdParty\mikkt">
      <UniqueIdentifier>{49202a51-d509-4d01-89fc-22f921d996c6}</UniqueIdentifier>
    </Filter>
    <Filter Include="Rendering\Materials">
      <UniqueIdentifier>{e1cfb48f-7d2a-41ec-b03d-d4caa2170c89}</UniqueIdentifier>
    </Filter>
    <Filter Include="Rendering\Shaders">
      <UniqueIdentifier>{4b65072b-87dd-4d0e-a627-c66c74f98426}</UniqueIdentifier>
    </Filter>
    <Filter Include="Rendering\ParticleSystem">
      <UniqueIdentifier>{7465d6cd-05da-4b3f-b0f4-73b3057566b5}</UniqueIdentifier>
    </Filter>
  </ItemGroup>
  <ItemGroup>
    <ClCompile Include="Math\MathUtils.cpp">
      <Filter>Math</Filter>
    </ClCompile>
    <ClCompile Include="Math\Vector2.cpp">
      <Filter>Math</Filter>
    </ClCompile>
    <ClCompile Include="Math\AABB2.cpp">
      <Filter>Math</Filter>
    </ClCompile>
    <ClCompile Include="Math\Disc2.cpp">
      <Filter>Math</Filter>
    </ClCompile>
    <ClCompile Include="Input\InputSystem.cpp">
      <Filter>Input</Filter>
    </ClCompile>
    <ClCompile Include="Input\KeyButtonState.cpp">
      <Filter>Input</Filter>
    </ClCompile>
    <ClCompile Include="Input\XboxController.cpp">
      <Filter>Input</Filter>
    </ClCompile>
    <ClCompile Include="Math\IntVector2.cpp">
      <Filter>Math</Filter>
    </ClCompile>
    <ClCompile Include="Core\Rgba.cpp">
      <Filter>Core</Filter>
    </ClCompile>
    <ClCompile Include="Audio\AudioSystem.cpp">
      <Filter>Audio</Filter>
    </ClCompile>
    <ClCompile Include="Math\FloatRange.cpp">
      <Filter>Math</Filter>
    </ClCompile>
    <ClCompile Include="Math\IntRange.cpp">
      <Filter>Math</Filter>
    </ClCompile>
    <ClCompile Include="Core\EngineCommon.cpp">
      <Filter>Core</Filter>
    </ClCompile>
    <ClCompile Include="Core\Image.cpp">
      <Filter>Core</Filter>
    </ClCompile>
    <ClCompile Include="Math\Vector3.cpp">
      <Filter>Math</Filter>
    </ClCompile>
    <ClCompile Include="Math\Matrix44.cpp">
      <Filter>Math</Filter>
    </ClCompile>
    <ClCompile Include="Math\CubicSpline.cpp">
      <Filter>Math</Filter>
    </ClCompile>
    <ClCompile Include="..\ThirdParty\tinyxml2\tinyxml2.cpp">
      <Filter>ThirdParty\tinyxml2</Filter>
    </ClCompile>
    <ClCompile Include="Core\File.cpp">
      <Filter>Core</Filter>
    </ClCompile>
    <ClCompile Include="Core\Window.cpp">
      <Filter>Core</Filter>
    </ClCompile>
    <ClCompile Include="Math\Vector4.cpp">
      <Filter>Math</Filter>
    </ClCompile>
    <ClCompile Include="Math\IntVector3.cpp">
      <Filter>Math</Filter>
    </ClCompile>
    <ClCompile Include="Math\Trajectory.cpp">
      <Filter>Math</Filter>
    </ClCompile>
    <ClCompile Include="Math\AABB3.cpp">
      <Filter>Math</Filter>
    </ClCompile>
    <ClCompile Include="Math\Transform.cpp">
      <Filter>Math</Filter>
    </ClCompile>
    <ClCompile Include="Input\Mouse.cpp">
      <Filter>Input</Filter>
    </ClCompile>
    <ClCompile Include="..\ThirdParty\mikkt\mikktspace.c">
      <Filter>ThirdParty\mikkt</Filter>
    </ClCompile>
    <ClCompile Include="Rendering\DebugRendering\DebugRenderSystem.cpp">
      <Filter>Rendering\DebugRendering</Filter>
    </ClCompile>
    <ClCompile Include="Rendering\DebugRendering\DebugRenderTask.cpp">
      <Filter>Rendering\DebugRendering</Filter>
    </ClCompile>
    <ClCompile Include="Rendering\DebugRendering\DebugRenderTask_Basis.cpp">
      <Filter>Rendering\DebugRendering</Filter>
    </ClCompile>
    <ClCompile Include="Rendering\DebugRendering\DebugRenderTask_Cube.cpp">
      <Filter>Rendering\DebugRendering</Filter>
    </ClCompile>
    <ClCompile Include="Rendering\DebugRendering\DebugRenderTask_Line2D.cpp">
      <Filter>Rendering\DebugRendering</Filter>
    </ClCompile>
    <ClCompile Include="Rendering\DebugRendering\DebugRenderTask_Line3D.cpp">
      <Filter>Rendering\DebugRendering</Filter>
    </ClCompile>
    <ClCompile Include="Rendering\DebugRendering\DebugRenderTask_Point.cpp">
      <Filter>Rendering\DebugRendering</Filter>
    </ClCompile>
    <ClCompile Include="Rendering\DebugRendering\DebugRenderTask_Quad2D.cpp">
      <Filter>Rendering\DebugRendering</Filter>
    </ClCompile>
    <ClCompile Include="Rendering\DebugRendering\DebugRenderTask_Quad3D.cpp">
      <Filter>Rendering\DebugRendering</Filter>
    </ClCompile>
    <ClCompile Include="Rendering\DebugRendering\DebugRenderTask_Text2D.cpp">
      <Filter>Rendering\DebugRendering</Filter>
    </ClCompile>
    <ClCompile Include="Rendering\DebugRendering\DebugRenderTask_UVSphere.cpp">
      <Filter>Rendering\DebugRendering</Filter>
    </ClCompile>
    <ClCompile Include="Rendering\Buffers\FrameBuffer.cpp">
      <Filter>Rendering\Buffers</Filter>
    </ClCompile>
    <ClCompile Include="Rendering\Buffers\UniformBuffer.cpp">
      <Filter>Rendering\Buffers</Filter>
    </ClCompile>
    <ClCompile Include="Rendering\Buffers\VertexBuffer.cpp">
      <Filter>Rendering\Buffers</Filter>
    </ClCompile>
    <ClCompile Include="Rendering\Buffers\RenderBuffer.cpp">
      <Filter>Rendering\Buffers</Filter>
    </ClCompile>
    <ClCompile Include="Rendering\Buffers\IndexBuffer.cpp">
      <Filter>Rendering\Buffers</Filter>
    </ClCompile>
    <ClCompile Include="Rendering\OpenGL\glTypes.cpp">
      <Filter>Rendering</Filter>
    </ClCompile>
    <ClCompile Include="Rendering\OpenGL\glFunctions.cpp">
      <Filter>Rendering</Filter>
    </ClCompile>
    <ClCompile Include="Rendering\Materials\Material.cpp">
      <Filter>Rendering\Materials</Filter>
    </ClCompile>
    <ClCompile Include="Rendering\Materials\MaterialInstance.cpp">
      <Filter>Rendering\Materials</Filter>
    </ClCompile>
    <ClCompile Include="Rendering\Materials\MaterialPropertyBlock.cpp">
      <Filter>Rendering\Materials</Filter>
    </ClCompile>
    <ClCompile Include="Rendering\Core\DrawCall.cpp">
      <Filter>Rendering</Filter>
    </ClCompile>
    <ClCompile Include="Rendering\Core\ForwardRenderingPath.cpp">
      <Filter>Rendering</Filter>
    </ClCompile>
    <ClCompile Include="Rendering\Core\Renderable.cpp">
      <Filter>Rendering</Filter>
    </ClCompile>
    <ClCompile Include="Rendering\Core\Renderer.cpp">
      <Filter>Rendering</Filter>
    </ClCompile>
    <ClCompile Include="Rendering\Core\Light.cpp">
      <Filter>Rendering</Filter>
    </ClCompile>
    <ClCompile Include="Rendering\Core\Camera.cpp">
      <Filter>Rendering</Filter>
    </ClCompile>
    <ClCompile Include="Rendering\Core\OrbitCamera.cpp">
      <Filter>Rendering</Filter>
    </ClCompile>
    <ClCompile Include="Rendering\Core\RenderScene.cpp">
      <Filter>Rendering</Filter>
    </ClCompile>
    <ClCompile Include="Rendering\Core\Vertex.cpp">
      <Filter>Rendering</Filter>
    </ClCompile>
    <ClCompile Include="Rendering\Shaders\Shader.cpp">
      <Filter>Rendering\Shaders</Filter>
    </ClCompile>
    <ClCompile Include="Rendering\Shaders\ShaderDescription.cpp">
      <Filter>Rendering\Shaders</Filter>
    </ClCompile>
    <ClCompile Include="Rendering\Shaders\ShaderProgram.cpp">
      <Filter>Rendering\Shaders</Filter>
    </ClCompile>
    <ClCompile Include="Rendering\Shaders\ShaderSource.cpp">
      <Filter>Rendering\Shaders</Filter>
    </ClCompile>
    <ClCompile Include="Rendering\Shaders\PropertyBlockDescription.cpp">
      <Filter>Rendering\Shaders</Filter>
    </ClCompile>
    <ClCompile Include="Rendering\Shaders\PropertyDescription.cpp">
      <Filter>Rendering\Shaders</Filter>
    </ClCompile>
    <ClCompile Include="Rendering\Meshes\Mesh.cpp">
      <Filter>Rendering</Filter>
    </ClCompile>
    <ClCompile Include="Rendering\Meshes\MeshBuilder.cpp">
      <Filter>Rendering</Filter>
    </ClCompile>
    <ClCompile Include="Rendering\Meshes\MeshGroup.cpp">
      <Filter>Rendering</Filter>
    </ClCompile>
    <ClCompile Include="Rendering\Meshes\MeshGroupBuilder.cpp">
      <Filter>Rendering</Filter>
    </ClCompile>
    <ClCompile Include="Rendering\Animation\SpriteAnim.cpp">
      <Filter>Rendering\Animation</Filter>
    </ClCompile>
    <ClCompile Include="Rendering\Animation\SpriteAnimDef.cpp">
      <Filter>Rendering\Animation</Filter>
    </ClCompile>
    <ClCompile Include="Rendering\Animation\SpriteAnimSet.cpp">
      <Filter>Rendering\Animation</Filter>
    </ClCompile>
    <ClCompile Include="Rendering\Animation\SpriteAnimSetDef.cpp">
      <Filter>Rendering\Animation</Filter>
    </ClCompile>
    <ClCompile Include="Rendering\Particles\Particle.cpp">
      <Filter>Rendering\ParticleSystem</Filter>
    </ClCompile>
    <ClCompile Include="Rendering\Particles\ParticleEmitter.cpp">
      <Filter>Rendering\ParticleSystem</Filter>
    </ClCompile>
    <ClCompile Include="Rendering\Resources\BitmapFont.cpp">
      <Filter>Rendering\Image Data</Filter>
    </ClCompile>
    <ClCompile Include="Rendering\Resources\Sampler.cpp">
      <Filter>Rendering</Filter>
    </ClCompile>
    <ClCompile Include="Rendering\Resources\Skybox.cpp">
      <Filter>Rendering\Image Data</Filter>
    </ClCompile>
    <ClCompile Include="Rendering\Resources\Sprite.cpp">
      <Filter>Rendering\Image Data</Filter>
    </ClCompile>
    <ClCompile Include="Rendering\Resources\SpriteSheet.cpp">
      <Filter>Rendering\Image Data</Filter>
    </ClCompile>
    <ClCompile Include="Rendering\Resources\Texture.cpp">
      <Filter>Rendering\Image Data</Filter>
    </ClCompile>
    <ClCompile Include="Rendering\Resources\TextureCube.cpp">
      <Filter>Rendering\Image Data</Filter>
    </ClCompile>
    <ClCompile Include="Assets\AssetCollection.cpp">
      <Filter>Core\Assets</Filter>
    </ClCompile>
    <ClCompile Include="Assets\AssetDB.cpp">
      <Filter>Core\Assets</Filter>
    </ClCompile>
    <ClCompile Include="Core\Time\Time.cpp">
      <Filter>Core\Time</Filter>
    </ClCompile>
    <ClCompile Include="Core\Time\Stopwatch.cpp">
      <Filter>Core\Time</Filter>
    </ClCompile>
    <ClCompile Include="Core\DeveloperConsole\DevConsole.cpp">
      <Filter>Core\DeveloperConsole</Filter>
    </ClCompile>
    <ClCompile Include="Core\DeveloperConsole\Command.cpp">
      <Filter>Core\DeveloperConsole</Filter>
    </ClCompile>
    <ClCompile Include="Core\Time\Clock.cpp">
      <Filter>Core\Time</Filter>
    </ClCompile>
    <ClCompile Include="Core\Utility\ErrorWarningAssert.cpp">
      <Filter>Core\Utilities</Filter>
    </ClCompile>
    <ClCompile Include="Core\Utility\Blackboard.cpp">
      <Filter>Core</Filter>
    </ClCompile>
    <ClCompile Include="Core\Utility\HeatMap.cpp">
      <Filter>Core</Filter>
    </ClCompile>
    <ClCompile Include="Core\Utility\StringUtils.cpp">
      <Filter>Core\Utilities</Filter>
    </ClCompile>
    <ClCompile Include="Core\Utility\XmlUtilities.cpp">
      <Filter>Core\Utilities</Filter>
    </ClCompile>
    <ClCompile Include="Rendering\DebugRendering\DebugRenderTask_Skeleton.cpp" />
    <ClCompile Include="Rendering\Animation\Pose.cpp" />
    <ClCompile Include="Rendering\Animation\AnimationClip.cpp" />
    <ClCompile Include="Core\Time\ProfileLogScoped.cpp" />
    <ClCompile Include="Core\Time\ProfileMeasurement.cpp" />
    <ClCompile Include="Core\Time\Profiler.cpp" />
    <ClCompile Include="Core\Time\ProfileReport.cpp" />
    <ClCompile Include="Core\Time\ProfileReportEntry.cpp" />
    <ClCompile Include="Core\Time\ProfileScoped.cpp" />
    <ClCompile Include="Core\Gif.cpp" />
    <ClCompile Include="Core\LogSystem.cpp" />
    <ClCompile Include="Core\Threading\Threading.cpp" />
    <ClCompile Include="Rendering\Animation\Animator.cpp" />
    <ClCompile Include="Rendering\Animation\Skeleton.cpp" />
    <ClCompile Include="Networking\Net.cpp" />
    <ClCompile Include="Networking\NetAddress.cpp" />
    <ClCompile Include="Networking\TCPSocket.cpp" />
    <ClCompile Include="Networking\Endianness.cpp" />
    <ClCompile Include="Networking\BytePacker.cpp" />
    <ClCompile Include="Networking\RemoteCommandService.cpp" />
    <ClCompile Include="Rendering\Shaders\ComputeShader.cpp" />
    <ClCompile Include="Networking\Socket.cpp" />
    <ClCompile Include="Networking\NetSession.cpp" />
    <ClCompile Include="Networking\NetMessage.cpp" />
    <ClCompile Include="Networking\NetConnection.cpp" />
    <ClCompile Include="Networking\UDPSocket.cpp" />
    <ClCompile Include="Networking\NetPacket.cpp" />
    <ClCompile Include="Networking\NetSequenceChannel.cpp" />
    <ClCompile Include="Networking\NetObjectSystem.cpp" />
    <ClCompile Include="Networking\NetObject.cpp" />
    <ClCompile Include="Networking\NetObjectView.cpp" />
    <ClCompile Include="Networking\NetObjectConnectionView.cpp" />
    <ClCompile Include="Math\IntAABB2.cpp" />
    <ClCompile Include="Core\Utility\RawNoise.cpp" />
    <ClCompile Include="Core\Utility\SmoothNoise.cpp" />
    <ClCompile Include="Scripting\Lua.cpp" />
    <ClCompile Include="DataStructures\NamedProperties.cpp" />
    <ClCompile Include="Core\JobSystem\JobSystem.cpp" />
    <ClCompile Include="Core\JobSystem\Job.cpp" />
    <ClCompile Include="Core\JobSystem\JobWorkerThread.cpp" />
  </ItemGroup>
  <ItemGroup>
    <ClInclude Include="Math\MathUtils.hpp">
      <Filter>Math</Filter>
    </ClInclude>
    <ClInclude Include="Math\Vector2.hpp">
      <Filter>Math</Filter>
    </ClInclude>
    <ClInclude Include="Math\AABB2.hpp">
      <Filter>Math</Filter>
    </ClInclude>
    <ClInclude Include="Math\Disc2.hpp">
      <Filter>Math</Filter>
    </ClInclude>
    <ClInclude Include="Input\InputSystem.hpp">
      <Filter>Input</Filter>
    </ClInclude>
    <ClInclude Include="Input\KeyButtonState.hpp">
      <Filter>Input</Filter>
    </ClInclude>
    <ClInclude Include="Input\XboxController.hpp">
      <Filter>Input</Filter>
    </ClInclude>
    <ClInclude Include="Math\IntVector2.hpp">
      <Filter>Math</Filter>
    </ClInclude>
    <ClInclude Include="Core\Rgba.hpp">
      <Filter>Core</Filter>
    </ClInclude>
    <ClInclude Include="Audio\AudioSystem.hpp">
      <Filter>Audio</Filter>
    </ClInclude>
    <ClInclude Include="Core\EngineCommon.hpp">
      <Filter>Core</Filter>
    </ClInclude>
    <ClInclude Include="Math\FloatRange.hpp">
      <Filter>Math</Filter>
    </ClInclude>
    <ClInclude Include="Math\IntRange.hpp">
      <Filter>Math</Filter>
    </ClInclude>
    <ClInclude Include="Core\Image.hpp">
      <Filter>Core</Filter>
    </ClInclude>
    <ClInclude Include="Math\Vector3.hpp">
      <Filter>Math</Filter>
    </ClInclude>
    <ClInclude Include="Math\Matrix44.hpp">
      <Filter>Math</Filter>
    </ClInclude>
    <ClInclude Include="Math\CubicSpline.hpp">
      <Filter>Math</Filter>
    </ClInclude>
    <ClInclude Include="..\ThirdParty\fmod\fmod.h">
      <Filter>ThirdParty\fmod</Filter>
    </ClInclude>
    <ClInclude Include="..\ThirdParty\fmod\fmod.hpp">
      <Filter>ThirdParty\fmod</Filter>
    </ClInclude>
    <ClInclude Include="..\ThirdParty\fmod\fmod_codec.h">
      <Filter>ThirdParty\fmod</Filter>
    </ClInclude>
    <ClInclude Include="..\ThirdParty\fmod\fmod_common.h">
      <Filter>ThirdParty\fmod</Filter>
    </ClInclude>
    <ClInclude Include="..\ThirdParty\fmod\fmod_dsp.h">
      <Filter>ThirdParty\fmod</Filter>
    </ClInclude>
    <ClInclude Include="..\ThirdParty\fmod\fmod_dsp_effects.h">
      <Filter>ThirdParty\fmod</Filter>
    </ClInclude>
    <ClInclude Include="..\ThirdParty\fmod\fmod_errors.h">
      <Filter>ThirdParty\fmod</Filter>
    </ClInclude>
    <ClInclude Include="..\ThirdParty\fmod\fmod_output.h">
      <Filter>ThirdParty\fmod</Filter>
    </ClInclude>
    <ClInclude Include="..\ThirdParty\gl\glcorearb.h">
      <Filter>ThirdParty\gl</Filter>
    </ClInclude>
    <ClInclude Include="..\ThirdParty\gl\glext.h">
      <Filter>ThirdParty\gl</Filter>
    </ClInclude>
    <ClInclude Include="..\ThirdParty\gl\wglext.h">
      <Filter>ThirdParty\gl</Filter>
    </ClInclude>
    <ClInclude Include="..\ThirdParty\stb\stb_image.h">
      <Filter>ThirdParty\stb</Filter>
    </ClInclude>
    <ClInclude Include="..\ThirdParty\tinyxml2\tinyxml2.h">
      <Filter>ThirdParty\tinyxml2</Filter>
    </ClInclude>
    <ClInclude Include="Core\File.hpp">
      <Filter>Core</Filter>
    </ClInclude>
    <ClInclude Include="Core\Window.hpp">
      <Filter>Core</Filter>
    </ClInclude>
    <ClInclude Include="Math\Vector4.hpp">
      <Filter>Math</Filter>
    </ClInclude>
    <ClInclude Include="Math\IntVector3.hpp">
      <Filter>Math</Filter>
    </ClInclude>
    <ClInclude Include="..\ThirdParty\stb\stb_image_write.h">
      <Filter>ThirdParty\stb</Filter>
    </ClInclude>
    <ClInclude Include="Math\Trajectory.hpp">
      <Filter>Math</Filter>
    </ClInclude>
    <ClInclude Include="Math\AABB3.hpp">
      <Filter>Math</Filter>
    </ClInclude>
    <ClInclude Include="Math\Transform.hpp">
      <Filter>Math</Filter>
    </ClInclude>
    <ClInclude Include="Input\Mouse.hpp">
      <Filter>Input</Filter>
    </ClInclude>
    <ClInclude Include="..\ThirdParty\mikkt\mikktspace.h">
      <Filter>ThirdParty\mikkt</Filter>
    </ClInclude>
    <ClInclude Include="Rendering\DebugRendering\DebugRenderSystem.hpp">
      <Filter>Rendering\DebugRendering</Filter>
    </ClInclude>
    <ClInclude Include="Rendering\DebugRendering\DebugRenderTask.hpp">
      <Filter>Rendering\DebugRendering</Filter>
    </ClInclude>
    <ClInclude Include="Rendering\DebugRendering\DebugRenderTask_Basis.hpp">
      <Filter>Rendering\DebugRendering</Filter>
    </ClInclude>
    <ClInclude Include="Rendering\DebugRendering\DebugRenderTask_Cube.hpp">
      <Filter>Rendering\DebugRendering</Filter>
    </ClInclude>
    <ClInclude Include="Rendering\DebugRendering\DebugRenderTask_Line2D.hpp">
      <Filter>Rendering\DebugRendering</Filter>
    </ClInclude>
    <ClInclude Include="Rendering\DebugRendering\DebugRenderTask_Line3D.hpp">
      <Filter>Rendering\DebugRendering</Filter>
    </ClInclude>
    <ClInclude Include="Rendering\DebugRendering\DebugRenderTask_Point.hpp">
      <Filter>Rendering\DebugRendering</Filter>
    </ClInclude>
    <ClInclude Include="Rendering\DebugRendering\DebugRenderTask_Quad2D.hpp">
      <Filter>Rendering\DebugRendering</Filter>
    </ClInclude>
    <ClInclude Include="Rendering\DebugRendering\DebugRenderTask_Quad3D.hpp">
      <Filter>Rendering\DebugRendering</Filter>
    </ClInclude>
    <ClInclude Include="Rendering\DebugRendering\DebugRenderTask_Text2D.hpp">
      <Filter>Rendering\DebugRendering</Filter>
    </ClInclude>
    <ClInclude Include="Rendering\DebugRendering\DebugRenderTask_UVSphere.hpp">
      <Filter>Rendering\DebugRendering</Filter>
    </ClInclude>
    <ClInclude Include="Rendering\Buffers\FrameBuffer.hpp">
      <Filter>Rendering\Buffers</Filter>
    </ClInclude>
    <ClInclude Include="Rendering\Buffers\UniformBuffer.hpp">
      <Filter>Rendering\Buffers</Filter>
    </ClInclude>
    <ClInclude Include="Rendering\Buffers\VertexBuffer.hpp">
      <Filter>Rendering\Buffers</Filter>
    </ClInclude>
    <ClInclude Include="Rendering\Buffers\RenderBuffer.hpp">
      <Filter>Rendering\Buffers</Filter>
    </ClInclude>
    <ClInclude Include="Rendering\Buffers\IndexBuffer.hpp">
      <Filter>Rendering\Buffers</Filter>
    </ClInclude>
    <ClInclude Include="Rendering\OpenGL\glTypes.hpp">
      <Filter>Rendering</Filter>
    </ClInclude>
    <ClInclude Include="Rendering\OpenGL\glFunctions.hpp">
      <Filter>Rendering</Filter>
    </ClInclude>
    <ClInclude Include="Rendering\Materials\Material.hpp">
      <Filter>Rendering\Materials</Filter>
    </ClInclude>
    <ClInclude Include="Rendering\Materials\MaterialInstance.hpp">
      <Filter>Rendering\Materials</Filter>
    </ClInclude>
    <ClInclude Include="Rendering\Materials\MaterialPropertyBlock.hpp">
      <Filter>Rendering\Materials</Filter>
    </ClInclude>
    <ClInclude Include="Rendering\Core\DrawCall.hpp">
      <Filter>Rendering</Filter>
    </ClInclude>
    <ClInclude Include="Rendering\Core\ForwardRenderingPath.hpp">
      <Filter>Rendering</Filter>
    </ClInclude>
    <ClInclude Include="Rendering\Core\Renderer.hpp">
      <Filter>Rendering</Filter>
    </ClInclude>
    <ClInclude Include="Rendering\Core\Renderable.hpp">
      <Filter>Rendering</Filter>
    </ClInclude>
    <ClInclude Include="Rendering\Core\Light.hpp">
      <Filter>Rendering</Filter>
    </ClInclude>
    <ClInclude Include="Rendering\Core\Camera.hpp">
      <Filter>Rendering</Filter>
    </ClInclude>
    <ClInclude Include="Rendering\Core\OrbitCamera.hpp">
      <Filter>Rendering</Filter>
    </ClInclude>
    <ClInclude Include="Rendering\Core\RenderScene.hpp">
      <Filter>Rendering</Filter>
    </ClInclude>
    <ClInclude Include="Rendering\Core\Vertex.hpp">
      <Filter>Rendering</Filter>
    </ClInclude>
    <ClInclude Include="Rendering\Shaders\Shader.hpp">
      <Filter>Rendering\Shaders</Filter>
    </ClInclude>
    <ClInclude Include="Rendering\Shaders\ShaderDescription.hpp">
      <Filter>Rendering\Shaders</Filter>
    </ClInclude>
    <ClInclude Include="Rendering\Shaders\ShaderProgram.hpp">
      <Filter>Rendering\Shaders</Filter>
    </ClInclude>
    <ClInclude Include="Rendering\Shaders\ShaderSource.hpp">
      <Filter>Rendering\Shaders</Filter>
    </ClInclude>
    <ClInclude Include="Rendering\Shaders\PropertyBlockDescription.hpp">
      <Filter>Rendering\Shaders</Filter>
    </ClInclude>
    <ClInclude Include="Rendering\Shaders\PropertyDescription.hpp">
      <Filter>Rendering\Shaders</Filter>
    </ClInclude>
    <ClInclude Include="Rendering\Meshes\Mesh.hpp">
      <Filter>Rendering</Filter>
    </ClInclude>
    <ClInclude Include="Rendering\Meshes\MeshBuilder.hpp">
      <Filter>Rendering</Filter>
    </ClInclude>
    <ClInclude Include="Rendering\Meshes\MeshGroup.hpp">
      <Filter>Rendering</Filter>
    </ClInclude>
    <ClInclude Include="Rendering\Meshes\MeshGroupBuilder.hpp">
      <Filter>Rendering</Filter>
    </ClInclude>
    <ClInclude Include="Rendering\Animation\SpriteAnim.hpp">
      <Filter>Rendering\Animation</Filter>
    </ClInclude>
    <ClInclude Include="Rendering\Animation\SpriteAnimDef.hpp">
      <Filter>Rendering\Animation</Filter>
    </ClInclude>
    <ClInclude Include="Rendering\Animation\SpriteAnimSet.hpp">
      <Filter>Rendering\Animation</Filter>
    </ClInclude>
    <ClInclude Include="Rendering\Animation\SpriteAnimSetDef.hpp">
      <Filter>Rendering\Animation</Filter>
    </ClInclude>
    <ClInclude Include="Rendering\Particles\Particle.hpp">
      <Filter>Rendering\ParticleSystem</Filter>
    </ClInclude>
    <ClInclude Include="Rendering\Particles\ParticleEmitter.hpp">
      <Filter>Rendering\ParticleSystem</Filter>
    </ClInclude>
    <ClInclude Include="Rendering\Resources\BitmapFont.hpp">
      <Filter>Rendering\Image Data</Filter>
    </ClInclude>
    <ClInclude Include="Rendering\Resources\Sampler.hpp">
      <Filter>Rendering</Filter>
    </ClInclude>
    <ClInclude Include="Rendering\Resources\Skybox.hpp">
      <Filter>Rendering\Image Data</Filter>
    </ClInclude>
    <ClInclude Include="Rendering\Resources\Sprite.hpp">
      <Filter>Rendering\Image Data</Filter>
    </ClInclude>
    <ClInclude Include="Rendering\Resources\SpriteSheet.hpp">
      <Filter>Rendering\Image Data</Filter>
    </ClInclude>
    <ClInclude Include="Rendering\Resources\Texture.hpp">
      <Filter>Rendering\Image Data</Filter>
    </ClInclude>
    <ClInclude Include="Rendering\Resources\TextureCube.hpp">
      <Filter>Rendering\Image Data</Filter>
    </ClInclude>
    <ClInclude Include="Assets\AssetCollection.hpp">
      <Filter>Core\Assets</Filter>
    </ClInclude>
    <ClInclude Include="Assets\AssetDB.hpp">
      <Filter>Core\Assets</Filter>
    </ClInclude>
    <ClInclude Include="Core\Time\Time.hpp">
      <Filter>Core\Time</Filter>
    </ClInclude>
    <ClInclude Include="Core\Time\Stopwatch.hpp">
      <Filter>Core\Time</Filter>
    </ClInclude>
    <ClInclude Include="Core\DeveloperConsole\DevConsole.hpp">
      <Filter>Core\DeveloperConsole</Filter>
    </ClInclude>
    <ClInclude Include="Core\DeveloperConsole\Command.hpp">
      <Filter>Core\DeveloperConsole</Filter>
    </ClInclude>
    <ClInclude Include="Core\Time\Clock.hpp">
      <Filter>Core\Time</Filter>
    </ClInclude>
    <ClInclude Include="Core\Utility\ErrorWarningAssert.hpp">
      <Filter>Core\Utilities</Filter>
    </ClInclude>
    <ClInclude Include="Core\Utility\Blackboard.hpp">
      <Filter>Core</Filter>
    </ClInclude>
    <ClInclude Include="Core\Utility\HeatMap.hpp">
      <Filter>Core</Filter>
    </ClInclude>
    <ClInclude Include="Core\Utility\StringUtils.hpp">
      <Filter>Core\Utilities</Filter>
    </ClInclude>
    <ClInclude Include="Core\Utility\XmlUtilities.hpp">
      <Filter>Core\Utilities</Filter>
    </ClInclude>
    <ClInclude Include="Rendering\DebugRendering\DebugRenderTask_Skeleton.hpp" />
    <ClInclude Include="Rendering\Animation\Pose.hpp" />
    <ClInclude Include="Rendering\Animation\AnimationClip.hpp" />
    <ClInclude Include="Core\Time\ProfileLogScoped.hpp" />
    <ClInclude Include="Core\Time\ProfileMeasurement.hpp" />
    <ClInclude Include="Core\Time\Profiler.hpp" />
    <ClInclude Include="Core\Time\ProfileReport.hpp" />
    <ClInclude Include="Core\Time\ProfileReportEntry.hpp" />
    <ClInclude Include="Core\Time\ProfileScoped.hpp" />
    <ClInclude Include="Core\Gif.hpp" />
    <ClInclude Include="Core\LogSystem.hpp" />
    <ClInclude Include="DataStructures\ThreadSafeQueue.hpp" />
    <ClInclude Include="Core\Threading\Threading.hpp" />
    <ClInclude Include="DataStructures\ThreadSafeSet.hpp" />
    <ClInclude Include="DataStructures\ThreadSafeMap.hpp" />
    <ClInclude Include="Rendering\Animation\Animator.hpp" />
    <ClInclude Include="Rendering\Animation\Skeleton.hpp" />
    <ClInclude Include="Networking\Net.hpp" />
    <ClInclude Include="Networking\NetAddress.hpp" />
    <ClInclude Include="Networking\TCPSocket.hpp" />
    <ClInclude Include="Networking\Endianness.hpp" />
    <ClInclude Include="Networking\BytePacker.hpp" />
    <ClInclude Include="Networking\RemoteCommandService.hpp" />
    <ClInclude Include="Rendering\Shaders\ComputeShader.hpp" />
    <ClInclude Include="Networking\Socket.hpp" />
    <ClInclude Include="Networking\NetSession.hpp" />
    <ClInclude Include="Networking\NetMessage.hpp" />
    <ClInclude Include="Networking\NetConnection.hpp" />
    <ClInclude Include="Networking\UDPSocket.hpp" />
    <ClInclude Include="Networking\NetPacket.hpp" />
    <ClInclude Include="DataStructures\ThreadSafeVector.hpp" />
    <ClInclude Include="Networking\NetSequenceChannel.hpp" />
    <ClInclude Include="Networking\NetObjectSystem.hpp" />
    <ClInclude Include="Networking\NetObject.hpp" />
    <ClInclude Include="Networking\NetObjectType.hpp" />
    <ClInclude Include="Networking\NetObjectView.hpp" />
    <ClInclude Include="Networking\NetObjectConnectionView.hpp" />
    <ClInclude Include="Math\IntAABB2.hpp" />
    <ClInclude Include="Core\Utility\RawNoise.hpp" />
    <ClInclude Include="Core\Utility\SmoothNoise.hpp" />
    <ClInclude Include="Scripting\Lua.hpp" />
    <ClInclude Include="DataStructures\NamedProperties.hpp" />
    <ClInclude Include="Core\JobSystem\JobSystem.hpp" />
    <ClInclude Include="Core\JobSystem\Job.hpp" />
    <ClInclude Include="Core\JobSystem\JobWorkerThread.hpp" />
  </ItemGroup>
</Project>