<?xml version="1.0" encoding="utf-8"?>
<Project ToolsVersion="4.0" xmlns="http://schemas.microsoft.com/developer/msbuild/2003">
  <ItemGroup>
    <Filter Include="Math">
      <UniqueIdentifier>{531de8da-7621-4a9a-81b4-b4b68221f775}</UniqueIdentifier>
    </Filter>
    <Filter Include="Input">
      <UniqueIdentifier>{796d3a98-b4b0-47e1-a5a5-f84d98b6302a}</UniqueIdentifier>
    </Filter>
    <Filter Include="Core">
      <UniqueIdentifier>{43fa8987-b7b7-443d-9a29-0d6d3db1e394}</UniqueIdentifier>
    </Filter>
    <Filter Include="ThirdParty">
      <UniqueIdentifier>{5c344116-2899-4a9b-b1de-7950b36291d4}</UniqueIdentifier>
    </Filter>
    <Filter Include="Audio">
      <UniqueIdentifier>{eabdeafa-385f-400a-a7e0-b3705f27e7fc}</UniqueIdentifier>
    </Filter>
    <Filter Include="ThirdParty\fmod">
      <UniqueIdentifier>{3d3bc1ec-374a-41fd-b2eb-977f8b64840e}</UniqueIdentifier>
    </Filter>
    <Filter Include="ThirdParty\gl">
      <UniqueIdentifier>{af7908ff-c019-4d06-9915-e55867e293c0}</UniqueIdentifier>
    </Filter>
    <Filter Include="ThirdParty\stb">
      <UniqueIdentifier>{cad74aa4-fea8-4ea5-92ad-3e8212be3f01}</UniqueIdentifier>
    </Filter>
    <Filter Include="ThirdParty\tinyxml2">
      <UniqueIdentifier>{84c0af4f-52ed-49e2-923d-77eee19c72e4}</UniqueIdentifier>
    </Filter>
    <Filter Include="Core\DeveloperConsole">
      <UniqueIdentifier>{92ecfe94-80d7-47b3-a05d-14f8375bff2e}</UniqueIdentifier>
    </Filter>
    <Filter Include="Core\Utilities">
      <UniqueIdentifier>{85098a70-9384-447b-baaa-27845463a8c8}</UniqueIdentifier>
    </Filter>
    <Filter Include="Rendering">
      <UniqueIdentifier>{a5794966-908d-418a-a85a-aa8fea74f975}</UniqueIdentifier>
    </Filter>
    <Filter Include="Rendering\Animation">
      <UniqueIdentifier>{fb4ed7c0-6b35-4a0f-84e1-bc009b5cef79}</UniqueIdentifier>
    </Filter>
    <Filter Include="Rendering\Image Data">
      <UniqueIdentifier>{60f746a7-9ae8-40b7-a8fa-0f292f951ee9}</UniqueIdentifier>
    </Filter>
    <Filter Include="Core\Time">
      <UniqueIdentifier>{594dfe6a-3eed-4c4a-b71e-8d250b3b0e64}</UniqueIdentifier>
    </Filter>
    <Filter Include="Rendering\DebugRendering">
      <UniqueIdentifier>{cadf7509-3dc4-4cc3-8796-cb14677478a8}</UniqueIdentifier>
    </Filter>
    <Filter Include="Rendering\Buffers">
      <UniqueIdentifier>{ebda6ede-0d32-4e42-9fd8-af2e552761d7}</UniqueIdentifier>
    </Filter>
    <Filter Include="Core\Assets">
      <UniqueIdentifier>{acd0c6bf-18c1-467b-85e5-af60570aaedd}</UniqueIdentifier>
    </Filter>
    <Filter Include="ThirdParty\mikkt">
      <UniqueIdentifier>{49202a51-d509-4d01-89fc-22f921d996c6}</UniqueIdentifier>
    </Filter>
    <Filter Include="Rendering\Materials">
      <UniqueIdentifier>{e1cfb48f-7d2a-41ec-b03d-d4caa2170c89}</UniqueIdentifier>
    </Filter>
    <Filter Include="Rendering\Shaders">
      <UniqueIdentifier>{4b65072b-87dd-4d0e-a627-c66c74f98426}</UniqueIdentifier>
    </Filter>
    <Filter Include="Rendering\ParticleSystem">
      <UniqueIdentifier>{7465d6cd-05da-4b3f-b0f4-73b3057566b5}</UniqueIdentifier>
    </Filter>
  </ItemGroup>
  <ItemGroup>
    <ClCompile Include="Math\MathUtils.cpp">
      <Filter>Math</Filter>
    </ClCompile>
    <ClCompile Include="Renderer\Renderer.cpp">
      <Filter>Rendering</Filter>
    </ClCompile>
    <ClCompile Include="Math\Vector2.cpp">
      <Filter>Math</Filter>
    </ClCompile>
    <ClCompile Include="Math\AABB2.cpp">
      <Filter>Math</Filter>
    </ClCompile>
    <ClCompile Include="Math\Disc2.cpp">
      <Filter>Math</Filter>
    </ClCompile>
    <ClCompile Include="Input\InputSystem.cpp">
      <Filter>Input</Filter>
    </ClCompile>
    <ClCompile Include="Input\KeyButtonState.cpp">
      <Filter>Input</Filter>
    </ClCompile>
    <ClCompile Include="Input\XboxController.cpp">
      <Filter>Input</Filter>
    </ClCompile>
    <ClCompile Include="Math\IntVector2.cpp">
      <Filter>Math</Filter>
    </ClCompile>
    <ClCompile Include="Core\Rgba.cpp">
      <Filter>Core</Filter>
    </ClCompile>
    <ClCompile Include="Audio\AudioSystem.cpp">
      <Filter>Audio</Filter>
    </ClCompile>
    <ClCompile Include="Math\FloatRange.cpp">
      <Filter>Math</Filter>
    </ClCompile>
    <ClCompile Include="Math\IntRange.cpp">
      <Filter>Math</Filter>
    </ClCompile>
    <ClCompile Include="Core\Blackboard.cpp">
      <Filter>Core</Filter>
    </ClCompile>
    <ClCompile Include="Core\EngineCommon.cpp">
      <Filter>Core</Filter>
    </ClCompile>
    <ClCompile Include="Core\Image.cpp">
      <Filter>Core</Filter>
    </ClCompile>
    <ClCompile Include="Math\Vector3.cpp">
      <Filter>Math</Filter>
    </ClCompile>
    <ClCompile Include="Math\Matrix44.cpp">
      <Filter>Math</Filter>
    </ClCompile>
    <ClCompile Include="Renderer\SpriteAnimDef.cpp">
      <Filter>Rendering\Animation</Filter>
    </ClCompile>
    <ClCompile Include="Renderer\SpriteAnimSet.cpp">
      <Filter>Rendering\Animation</Filter>
    </ClCompile>
    <ClCompile Include="Renderer\SpriteAnimSetDef.cpp">
      <Filter>Rendering\Animation</Filter>
    </ClCompile>
    <ClCompile Include="Renderer\SpriteAnim.cpp">
      <Filter>Rendering\Animation</Filter>
    </ClCompile>
    <ClCompile Include="Core\HeatMap.cpp">
      <Filter>Core</Filter>
    </ClCompile>
    <ClCompile Include="Math\CubicSpline.cpp">
      <Filter>Math</Filter>
    </ClCompile>
    <ClCompile Include="Renderer\glFunctions.cpp">
      <Filter>Rendering</Filter>
    </ClCompile>
    <ClCompile Include="..\ThirdParty\stb\stb_image.c">
      <Filter>ThirdParty\stb</Filter>
    </ClCompile>
    <ClCompile Include="..\ThirdParty\tinyxml2\tinyxml2.cpp">
      <Filter>ThirdParty\tinyxml2</Filter>
    </ClCompile>
    <ClCompile Include="Renderer\BitmapFont.cpp">
      <Filter>Rendering\Image Data</Filter>
    </ClCompile>
    <ClCompile Include="Renderer\Texture.cpp">
      <Filter>Rendering\Image Data</Filter>
    </ClCompile>
    <ClCompile Include="Renderer\SpriteSheet.cpp">
      <Filter>Rendering\Image Data</Filter>
    </ClCompile>
    <ClCompile Include="Core\File.cpp">
      <Filter>Core</Filter>
    </ClCompile>
    <ClCompile Include="Core\Window.cpp">
      <Filter>Core</Filter>
    </ClCompile>
    <ClCompile Include="Renderer\Sampler.cpp">
      <Filter>Rendering</Filter>
    </ClCompile>
    <ClCompile Include="Core\Command.cpp">
      <Filter>Core\DeveloperConsole</Filter>
    </ClCompile>
    <ClCompile Include="Core\DevConsole.cpp">
      <Filter>Core\DeveloperConsole</Filter>
    </ClCompile>
    <ClCompile Include="Core\XmlUtilities.cpp">
      <Filter>Core\Utilities</Filter>
    </ClCompile>
    <ClCompile Include="Core\ErrorWarningAssert.cpp">
      <Filter>Core\Utilities</Filter>
    </ClCompile>
    <ClCompile Include="Core\StringUtils.cpp">
      <Filter>Core\Utilities</Filter>
    </ClCompile>
    <ClCompile Include="Renderer\Camera.cpp">
      <Filter>Rendering</Filter>
    </ClCompile>
    <ClCompile Include="Math\Vector4.cpp">
      <Filter>Math</Filter>
    </ClCompile>
    <ClCompile Include="Math\IntVector3.cpp">
      <Filter>Math</Filter>
    </ClCompile>
    <ClCompile Include="Renderer\OrbitCamera.cpp">
      <Filter>Rendering</Filter>
    </ClCompile>
    <ClCompile Include="Renderer\Sprite.cpp">
      <Filter>Rendering\Image Data</Filter>
    </ClCompile>
    <ClCompile Include="Math\Trajectory.cpp">
      <Filter>Math</Filter>
    </ClCompile>
    <ClCompile Include="Core\Time.cpp">
      <Filter>Core\Time</Filter>
    </ClCompile>
    <ClCompile Include="Core\Clock.cpp">
      <Filter>Core\Time</Filter>
    </ClCompile>
    <ClCompile Include="Core\Stopwatch.cpp">
      <Filter>Core\Time</Filter>
    </ClCompile>
    <ClCompile Include="Renderer\Mesh.cpp">
      <Filter>Rendering</Filter>
    </ClCompile>
    <ClCompile Include="Renderer\MeshBuilder.cpp">
      <Filter>Rendering</Filter>
    </ClCompile>
    <ClCompile Include="Math\AABB3.cpp">
      <Filter>Math</Filter>
    </ClCompile>
    <ClCompile Include="Math\Transform.cpp">
      <Filter>Math</Filter>
    </ClCompile>
    <ClCompile Include="Input\Mouse.cpp">
      <Filter>Input</Filter>
    </ClCompile>
    <ClCompile Include="Renderer\DebugRenderSystem.cpp">
      <Filter>Rendering\DebugRendering</Filter>
    </ClCompile>
    <ClCompile Include="Renderer\DebugRenderTask.cpp">
      <Filter>Rendering\DebugRendering</Filter>
    </ClCompile>
    <ClCompile Include="Renderer\DebugRenderTask_Point.cpp">
      <Filter>Rendering\DebugRendering</Filter>
    </ClCompile>
    <ClCompile Include="Core\ScopedProfiler.cpp">
      <Filter>Core\Time</Filter>
    </ClCompile>
    <ClCompile Include="Renderer\DebugRenderTask_Line3D.cpp">
      <Filter>Rendering\DebugRendering</Filter>
    </ClCompile>
    <ClCompile Include="Renderer\DebugRenderTask_Basis.cpp">
      <Filter>Rendering\DebugRendering</Filter>
    </ClCompile>
    <ClCompile Include="Renderer\Vertex.cpp">
      <Filter>Rendering</Filter>
    </ClCompile>
    <ClCompile Include="Renderer\DebugRenderTask_UVSphere.cpp">
      <Filter>Rendering\DebugRendering</Filter>
    </ClCompile>
    <ClCompile Include="Renderer\DebugRenderTask_Cube.cpp">
      <Filter>Rendering\DebugRendering</Filter>
    </ClCompile>
    <ClCompile Include="Renderer\DebugRenderTask_Quad3D.cpp">
      <Filter>Rendering\DebugRendering</Filter>
    </ClCompile>
    <ClCompile Include="Renderer\DebugRenderTask_Quad2D.cpp">
      <Filter>Rendering\DebugRendering</Filter>
    </ClCompile>
    <ClCompile Include="Renderer\DebugRenderTask_Line2D.cpp">
      <Filter>Rendering\DebugRendering</Filter>
    </ClCompile>
    <ClCompile Include="Renderer\DebugRenderTask_Text2D.cpp">
      <Filter>Rendering\DebugRendering</Filter>
    </ClCompile>
    <ClCompile Include="Renderer\FrameBuffer.cpp">
      <Filter>Rendering\Buffers</Filter>
    </ClCompile>
    <ClCompile Include="Renderer\IndexBuffer.cpp">
      <Filter>Rendering\Buffers</Filter>
    </ClCompile>
    <ClCompile Include="Renderer\RenderBuffer.cpp">
      <Filter>Rendering\Buffers</Filter>
    </ClCompile>
    <ClCompile Include="Renderer\VertexBuffer.cpp">
      <Filter>Rendering\Buffers</Filter>
    </ClCompile>
    <ClCompile Include="Renderer\UniformBuffer.cpp">
      <Filter>Rendering\Buffers</Filter>
    </ClCompile>
    <ClCompile Include="Renderer\glTypes.cpp">
      <Filter>Rendering</Filter>
    </ClCompile>
    <ClCompile Include="Core\AssetCollection.cpp">
      <Filter>Core\Assets</Filter>
    </ClCompile>
    <ClCompile Include="Core\AssetDB.cpp">
      <Filter>Core\Assets</Filter>
    </ClCompile>
    <ClCompile Include="..\ThirdParty\mikkt\mikktspace.c">
      <Filter>ThirdParty\mikkt</Filter>
    </ClCompile>
    <ClCompile Include="Renderer\Material.cpp">
      <Filter>Rendering\Materials</Filter>
    </ClCompile>
    <ClCompile Include="Renderer\ShaderSource.cpp">
      <Filter>Rendering\Shaders</Filter>
    </ClCompile>
    <ClCompile Include="Renderer\ShaderProgram.cpp">
      <Filter>Rendering\Shaders</Filter>
    </ClCompile>
    <ClCompile Include="Renderer\Shader.cpp">
      <Filter>Rendering\Shaders</Filter>
    </ClCompile>
    <ClCompile Include="Renderer\MaterialPropertyBlock.cpp">
      <Filter>Rendering\Materials</Filter>
    </ClCompile>
    <ClCompile Include="Renderer\PropertyDescription.cpp">
      <Filter>Rendering\Shaders</Filter>
    </ClCompile>
    <ClCompile Include="Renderer\PropertyBlockDescription.cpp">
      <Filter>Rendering\Shaders</Filter>
    </ClCompile>
    <ClCompile Include="Renderer\ShaderDescription.cpp">
      <Filter>Rendering\Shaders</Filter>
    </ClCompile>
    <ClCompile Include="Renderer\Renderable.cpp">
      <Filter>Rendering</Filter>
    </ClCompile>
    <ClCompile Include="Renderer\MaterialInstance.cpp">
      <Filter>Rendering\Materials</Filter>
    </ClCompile>
    <ClCompile Include="Renderer\RenderScene.cpp">
      <Filter>Rendering</Filter>
    </ClCompile>
    <ClCompile Include="Renderer\ForwardRenderingPath.cpp">
      <Filter>Rendering</Filter>
    </ClCompile>
    <ClCompile Include="Renderer\DrawCall.cpp">
      <Filter>Rendering</Filter>
    </ClCompile>
    <ClCompile Include="Renderer\Light.cpp">
      <Filter>Rendering</Filter>
    </ClCompile>
    <ClCompile Include="Core\GameObject.cpp">
      <Filter>Core</Filter>
    </ClCompile>
    <ClCompile Include="Renderer\MeshGroup.cpp">
      <Filter>Rendering</Filter>
    </ClCompile>
    <ClCompile Include="Renderer\MeshGroupBuilder.cpp">
      <Filter>Rendering</Filter>
    </ClCompile>
    <ClCompile Include="Renderer\Particle.cpp">
      <Filter>Rendering\ParticleSystem</Filter>
    </ClCompile>
    <ClCompile Include="Renderer\ParticleEmitter.cpp">
      <Filter>Rendering\ParticleSystem</Filter>
    </ClCompile>
    <ClCompile Include="Renderer\TextureCube.cpp">
      <Filter>Rendering\Image Data</Filter>
    </ClCompile>
    <ClCompile Include="Renderer\Skybox.cpp">
      <Filter>Rendering\Image Data</Filter>
    </ClCompile>
  </ItemGroup>
  <ItemGroup>
    <ClInclude Include="Math\MathUtils.hpp">
      <Filter>Math</Filter>
    </ClInclude>
    <ClInclude Include="Renderer\Renderer.hpp">
      <Filter>Rendering</Filter>
    </ClInclude>
    <ClInclude Include="Math\Vector2.hpp">
      <Filter>Math</Filter>
    </ClInclude>
    <ClInclude Include="Math\AABB2.hpp">
      <Filter>Math</Filter>
    </ClInclude>
    <ClInclude Include="Math\Disc2.hpp">
      <Filter>Math</Filter>
    </ClInclude>
    <ClInclude Include="Input\InputSystem.hpp">
      <Filter>Input</Filter>
    </ClInclude>
    <ClInclude Include="Input\KeyButtonState.hpp">
      <Filter>Input</Filter>
    </ClInclude>
    <ClInclude Include="Input\XboxController.hpp">
      <Filter>Input</Filter>
    </ClInclude>
    <ClInclude Include="Math\IntVector2.hpp">
      <Filter>Math</Filter>
    </ClInclude>
    <ClInclude Include="Core\Rgba.hpp">
      <Filter>Core</Filter>
    </ClInclude>
    <ClInclude Include="Audio\AudioSystem.hpp">
      <Filter>Audio</Filter>
    </ClInclude>
    <ClInclude Include="Core\EngineCommon.hpp">
      <Filter>Core</Filter>
    </ClInclude>
    <ClInclude Include="Math\FloatRange.hpp">
      <Filter>Math</Filter>
    </ClInclude>
    <ClInclude Include="Math\IntRange.hpp">
      <Filter>Math</Filter>
    </ClInclude>
    <ClInclude Include="Core\Blackboard.hpp">
      <Filter>Core</Filter>
    </ClInclude>
    <ClInclude Include="Core\Image.hpp">
      <Filter>Core</Filter>
    </ClInclude>
    <ClInclude Include="Math\Vector3.hpp">
      <Filter>Math</Filter>
    </ClInclude>
    <ClInclude Include="Math\Matrix44.hpp">
      <Filter>Math</Filter>
    </ClInclude>
    <ClInclude Include="Renderer\SpriteAnimDef.hpp">
      <Filter>Rendering\Animation</Filter>
    </ClInclude>
    <ClInclude Include="Renderer\SpriteAnimSet.hpp">
      <Filter>Rendering\Animation</Filter>
    </ClInclude>
    <ClInclude Include="Renderer\SpriteAnimSetDef.hpp">
      <Filter>Rendering\Animation</Filter>
    </ClInclude>
    <ClInclude Include="Renderer\SpriteAnim.hpp">
      <Filter>Rendering\Animation</Filter>
    </ClInclude>
    <ClInclude Include="Core\HeatMap.hpp">
      <Filter>Core</Filter>
    </ClInclude>
    <ClInclude Include="Math\CubicSpline.hpp">
      <Filter>Math</Filter>
    </ClInclude>
    <ClInclude Include="Renderer\glFunctions.hpp">
      <Filter>Rendering</Filter>
    </ClInclude>
    <ClInclude Include="..\ThirdParty\fmod\fmod.h">
      <Filter>ThirdParty\fmod</Filter>
    </ClInclude>
    <ClInclude Include="..\ThirdParty\fmod\fmod.hpp">
      <Filter>ThirdParty\fmod</Filter>
    </ClInclude>
    <ClInclude Include="..\ThirdParty\fmod\fmod_codec.h">
      <Filter>ThirdParty\fmod</Filter>
    </ClInclude>
    <ClInclude Include="..\ThirdParty\fmod\fmod_common.h">
      <Filter>ThirdParty\fmod</Filter>
    </ClInclude>
    <ClInclude Include="..\ThirdParty\fmod\fmod_dsp.h">
      <Filter>ThirdParty\fmod</Filter>
    </ClInclude>
    <ClInclude Include="..\ThirdParty\fmod\fmod_dsp_effects.h">
      <Filter>ThirdParty\fmod</Filter>
    </ClInclude>
    <ClInclude Include="..\ThirdParty\fmod\fmod_errors.h">
      <Filter>ThirdParty\fmod</Filter>
    </ClInclude>
    <ClInclude Include="..\ThirdParty\fmod\fmod_output.h">
      <Filter>ThirdParty\fmod</Filter>
    </ClInclude>
    <ClInclude Include="..\ThirdParty\gl\glcorearb.h">
      <Filter>ThirdParty\gl</Filter>
    </ClInclude>
    <ClInclude Include="..\ThirdParty\gl\glext.h">
      <Filter>ThirdParty\gl</Filter>
    </ClInclude>
    <ClInclude Include="..\ThirdParty\gl\wglext.h">
      <Filter>ThirdParty\gl</Filter>
    </ClInclude>
    <ClInclude Include="..\ThirdParty\stb\stb_image.h">
      <Filter>ThirdParty\stb</Filter>
    </ClInclude>
    <ClInclude Include="..\ThirdParty\tinyxml2\tinyxml2.h">
      <Filter>ThirdParty\tinyxml2</Filter>
    </ClInclude>
    <ClInclude Include="Renderer\BitmapFont.hpp">
      <Filter>Rendering\Image Data</Filter>
    </ClInclude>
    <ClInclude Include="Renderer\Texture.hpp">
      <Filter>Rendering\Image Data</Filter>
    </ClInclude>
    <ClInclude Include="Renderer\SpriteSheet.hpp">
      <Filter>Rendering\Image Data</Filter>
    </ClInclude>
    <ClInclude Include="Core\File.hpp">
      <Filter>Core</Filter>
    </ClInclude>
    <ClInclude Include="Core\Window.hpp">
      <Filter>Core</Filter>
    </ClInclude>
    <ClInclude Include="Renderer\Sampler.hpp">
      <Filter>Rendering</Filter>
    </ClInclude>
    <ClInclude Include="Core\Command.hpp">
      <Filter>Core\DeveloperConsole</Filter>
    </ClInclude>
    <ClInclude Include="Core\DevConsole.hpp">
      <Filter>Core\DeveloperConsole</Filter>
    </ClInclude>
    <ClInclude Include="Core\XmlUtilities.hpp">
      <Filter>Core\Utilities</Filter>
    </ClInclude>
    <ClInclude Include="Core\ErrorWarningAssert.hpp">
      <Filter>Core\Utilities</Filter>
    </ClInclude>
    <ClInclude Include="Core\StringUtils.hpp">
      <Filter>Core\Utilities</Filter>
    </ClInclude>
    <ClInclude Include="Renderer\Camera.hpp">
      <Filter>Rendering</Filter>
    </ClInclude>
    <ClInclude Include="Math\Vector4.hpp">
      <Filter>Math</Filter>
    </ClInclude>
    <ClInclude Include="Math\IntVector3.hpp">
      <Filter>Math</Filter>
    </ClInclude>
    <ClInclude Include="Renderer\OrbitCamera.hpp">
      <Filter>Rendering</Filter>
    </ClInclude>
    <ClInclude Include="..\ThirdParty\stb\stb_image_write.h">
      <Filter>ThirdParty\stb</Filter>
    </ClInclude>
    <ClInclude Include="Renderer\Sprite.hpp">
      <Filter>Rendering\Image Data</Filter>
    </ClInclude>
    <ClInclude Include="Math\Trajectory.hpp">
      <Filter>Math</Filter>
    </ClInclude>
    <ClInclude Include="Core\Time.hpp">
      <Filter>Core\Time</Filter>
    </ClInclude>
    <ClInclude Include="Core\Clock.hpp">
      <Filter>Core\Time</Filter>
    </ClInclude>
    <ClInclude Include="Core\Stopwatch.hpp">
      <Filter>Core\Time</Filter>
    </ClInclude>
    <ClInclude Include="Renderer\Mesh.hpp">
      <Filter>Rendering</Filter>
    </ClInclude>
    <ClInclude Include="Renderer\MeshBuilder.hpp">
      <Filter>Rendering</Filter>
    </ClInclude>
    <ClInclude Include="Math\AABB3.hpp">
      <Filter>Math</Filter>
    </ClInclude>
    <ClInclude Include="Math\Transform.hpp">
      <Filter>Math</Filter>
    </ClInclude>
    <ClInclude Include="Input\Mouse.hpp">
      <Filter>Input</Filter>
    </ClInclude>
    <ClInclude Include="Renderer\DebugRenderSystem.hpp">
      <Filter>Rendering\DebugRendering</Filter>
    </ClInclude>
    <ClInclude Include="Renderer\DebugRenderTask.hpp">
      <Filter>Rendering\DebugRendering</Filter>
    </ClInclude>
    <ClInclude Include="Renderer\DebugRenderTask_Point.hpp">
      <Filter>Rendering\DebugRendering</Filter>
    </ClInclude>
    <ClInclude Include="Core\ScopedProfiler.hpp">
      <Filter>Core\Time</Filter>
    </ClInclude>
    <ClInclude Include="Renderer\DebugRenderTask_Line3D.hpp">
      <Filter>Rendering\DebugRendering</Filter>
    </ClInclude>
    <ClInclude Include="Renderer\DebugRenderTask_Basis.hpp">
      <Filter>Rendering\DebugRendering</Filter>
    </ClInclude>
    <ClInclude Include="Renderer\Vertex.hpp">
      <Filter>Rendering</Filter>
    </ClInclude>
    <ClInclude Include="Renderer\DebugRenderTask_UVSphere.hpp">
      <Filter>Rendering\DebugRendering</Filter>
    </ClInclude>
    <ClInclude Include="Renderer\DebugRenderTask_Cube.hpp">
      <Filter>Rendering\DebugRendering</Filter>
    </ClInclude>
    <ClInclude Include="Renderer\DebugRenderTask_Quad3D.hpp">
      <Filter>Rendering\DebugRendering</Filter>
    </ClInclude>
    <ClInclude Include="Renderer\DebugRenderTask_Quad2D.hpp">
      <Filter>Rendering\DebugRendering</Filter>
    </ClInclude>
    <ClInclude Include="Renderer\DebugRenderTask_Line2D.hpp">
      <Filter>Rendering\DebugRendering</Filter>
    </ClInclude>
    <ClInclude Include="Renderer\DebugRenderTask_Text2D.hpp">
      <Filter>Rendering\DebugRendering</Filter>
    </ClInclude>
    <ClInclude Include="Renderer\FrameBuffer.hpp">
      <Filter>Rendering\Buffers</Filter>
    </ClInclude>
    <ClInclude Include="Renderer\IndexBuffer.hpp">
      <Filter>Rendering\Buffers</Filter>
    </ClInclude>
    <ClInclude Include="Renderer\RenderBuffer.hpp">
      <Filter>Rendering\Buffers</Filter>
    </ClInclude>
    <ClInclude Include="Renderer\VertexBuffer.hpp">
      <Filter>Rendering\Buffers</Filter>
    </ClInclude>
    <ClInclude Include="Renderer\UniformBuffer.hpp">
      <Filter>Rendering\Buffers</Filter>
    </ClInclude>
    <ClInclude Include="Renderer\glTypes.hpp">
      <Filter>Rendering</Filter>
    </ClInclude>
    <ClInclude Include="Core\AssetCollection.hpp">
      <Filter>Core\Assets</Filter>
    </ClInclude>
    <ClInclude Include="Core\AssetDB.hpp">
      <Filter>Core\Assets</Filter>
    </ClInclude>
    <ClInclude Include="..\ThirdParty\mikkt\mikktspace.h">
      <Filter>ThirdParty\mikkt</Filter>
    </ClInclude>
    <ClInclude Include="Renderer\Material.hpp">
      <Filter>Rendering\Materials</Filter>
    </ClInclude>
    <ClInclude Include="Renderer\ShaderSource.hpp">
      <Filter>Rendering\Shaders</Filter>
    </ClInclude>
    <ClInclude Include="Renderer\ShaderProgram.hpp">
      <Filter>Rendering\Shaders</Filter>
    </ClInclude>
    <ClInclude Include="Renderer\Shader.hpp">
      <Filter>Rendering\Shaders</Filter>
    </ClInclude>
    <ClInclude Include="Renderer\MaterialPropertyBlock.hpp">
      <Filter>Rendering\Materials</Filter>
    </ClInclude>
    <ClInclude Include="Renderer\PropertyDescription.hpp">
      <Filter>Rendering\Shaders</Filter>
    </ClInclude>
    <ClInclude Include="Renderer\PropertyBlockDescription.hpp">
      <Filter>Rendering\Shaders</Filter>
    </ClInclude>
    <ClInclude Include="Renderer\ShaderDescription.hpp">
      <Filter>Rendering\Shaders</Filter>
    </ClInclude>
    <ClInclude Include="Renderer\Renderable.hpp">
      <Filter>Rendering</Filter>
    </ClInclude>
    <ClInclude Include="Renderer\MaterialInstance.hpp">
      <Filter>Rendering\Materials</Filter>
    </ClInclude>
    <ClInclude Include="Renderer\RenderScene.hpp">
      <Filter>Rendering</Filter>
    </ClInclude>
    <ClInclude Include="Renderer\ForwardRenderingPath.hpp">
      <Filter>Rendering</Filter>
    </ClInclude>
    <ClInclude Include="Renderer\DrawCall.hpp">
      <Filter>Rendering</Filter>
    </ClInclude>
    <ClInclude Include="Renderer\Light.hpp">
      <Filter>Rendering</Filter>
    </ClInclude>
    <ClInclude Include="Core\GameObject.hpp">
      <Filter>Core</Filter>
    </ClInclude>
    <ClInclude Include="Renderer\MeshGroup.hpp">
      <Filter>Rendering</Filter>
    </ClInclude>
    <ClInclude Include="Renderer\MeshGroupBuilder.hpp">
      <Filter>Rendering</Filter>
    </ClInclude>
    <ClInclude Include="Renderer\Particle.hpp">
      <Filter>Rendering\ParticleSystem</Filter>
    </ClInclude>
    <ClInclude Include="Renderer\ParticleEmitter.hpp">
      <Filter>Rendering\ParticleSystem</Filter>
    </ClInclude>
    <ClInclude Include="Renderer\TextureCube.hpp">
      <Filter>Rendering\Image Data</Filter>
    </ClInclude>
    <ClInclude Include="Renderer\Skybox.hpp">
      <Filter>Rendering\Image Data</Filter>
    </ClInclude>
  </ItemGroup>
</Project>